- !<geary:player_instanced_item> { }
- !<looty:type>
  item:
    type: FIRE_CORAL_BLOCK
- !<looty:recipes>
  discoverRecipes: true
  recipes:
    - !<shaped>
      items:
        A:
          prefab: looty:ashimite_antlers
        R:
          type: RED_DYE
      configuration: |-
        |AAA|
        |ARA|
        |AAA|
