set.recipes:
  discoverRecipes: true
  result:
    type: minecraft:brain_coral_block
  group: "looty:brain_coral_block"
  recipes:
    - type: shaped
      items:
        A:
          prefab: mineinabyss:ashimite_antlers
        P:
          type: minecraft:pink_dye
      configuration: |-
        | A |
        |APA|
        | A |
