set.recipes:
  discoverRecipes: true
  result:
    type: minecraft:dead_fire_coral_block
    amount: 8
  group: "looty:dead_fire_coral_block"
  recipes:
    - type: shaped
      items:
        S: { type: minecraft:fire_coral_block }
        B: { type: minecraft:cobweb }
      configuration: |-
        |SSS|
        |SBS|
        |SSS|
