set.recipes:
  discoverRecipes: true
  result:
    type: minecraft:resin_block
    amount: 2
  group: "mineinabyss:resin_block"
  recipes:
    - type: shaped
      items:
        Y: { prefab: mineinabyss:yomotsubi_abdomen_cooked }
      configuration: |-
        |YYY|
        |YYY|
        |YYY|
    - type: shaped
      items:
        Y: { prefab: mineinabyss:yomotsubi_abdomen_raw }
      configuration: |-
        |YYY|
        |YYY|
        |YYY|