- !<geary:inherit>
  from: [mineinabyss:wood]
- !<geary:player_instanced_item>
- !<geary:set.item>
  item:
    type: PAPER
    displayName: Bamboo Block
    customModelData: 2029
- !<blocky:block>
  blockType: NOTEBLOCK
  blockId: 109
  blockModel: "minecraft:block/bamboo_block"
- !<blocky:directional>
  yBlock: mineinabyss:bamboo_block_y
  xBlock: mineinabyss:bamboo_block_x
  zBlock: mineinabyss:bamboo_block_z
- !<blocky:info>
  isUnbreakable: false
  blockBreakTime: 10s
  blockDrop:
    - item:
        prefab: mineinabyss:bamboo_block
