- !<geary:player_instanced_item> { }
- !<looty:type>
  item:
    type: BRAIN_CORAL_BLOCK
- !<looty:recipes>
  discoverRecipes: true
  group: "looty:brain_coral_block"
  recipes:
    - !<shaped>
      items:
        A:
          prefab: looty:ashimite_antlers
        P:
          type: PINK_DYE
      configuration: |-
        | A |
        |APA|
        | A |
