- !<geary:player_instanced_item> { }
- !<looty:type>
  item:
    type: TUBE_CORAL_BLOCK
- !<looty:recipes>
  discoverRecipes: true
  group: "looty:tube_coral_block"
  recipes:
    - !<shaped>
      items:
        A:
          prefab: looty:ashimite_antlers
        B:
          type: BLUE_DYE
      configuration: |-
        | A |
        |ABA|
        | A |
    - !<shaped>
      items:
        A:
          prefab: looty:ashimite_antlers
        C:
          type: CYAN_DYE
      configuration: |-
        | A |
        |ACA|
        | A |