namespaces: [geary, mobzy, looty]
set.recipes:
  discoverRecipes: true
  result:
    type: TUBE_CORAL_BLOCK
  group: "looty:tube_coral_block"
  recipes:
    - !<shaped>
      items:
        A:
          prefab: mineinabyss:ashimite_antlers
        B:
          type: BLUE_DYE
      configuration: |-
        | A |
        |ABA|
        | A |
    - !<shaped>
      items:
        A:
          prefab: mineinabyss:ashimite_antlers
        C:
          type: CYAN_DYE
      configuration: |-
        | A |
        |ACA|
        | A |