set.recipes:
  discoverRecipes: true
  result:
    type: minecraft:tube_coral_block
  group: "looty:tube_coral_block"
  recipes:
    - type: shaped
      items:
        A:
          prefab: mineinabyss:ashimite_antlers
        B:
          type: minecraft:blue_dye
      configuration: |-
        | A |
        |ABA|
        | A |
    - type: shaped
      items:
        A:
          prefab: mineinabyss:ashimite_antlers
        C:
          type: minecraft:cyan_dye
      configuration: |-
        | A |
        |ACA|
        | A |
